
Microsoft Visual Studio Solution File, Format Version 12.00
# Visual Studio Version 16
VisualStudioVersion = 16.0.31729.503
MinimumVisualStudioVersion = 10.0.40219.1
Project("{FAE04EC0-301F-11D3-BF4B-00C04F79EFBC}") = "CaixaEletronico3", "CaixaEletronico3\CaixaEletronico3.csproj", "{6F4870A3-95CA-4CF6-8F97-DBFFC8AE6F83}"
EndProject
Global
	GlobalSection(SolutionConfigurationPlatforms) = preSolution
		Debug|Any CPU = Debug|Any CPU
		Release|Any CPU = Release|Any CPU
	EndGlobalSection
	GlobalSection(ProjectConfigurationPlatforms) = postSolution
		{6F4870A3-95CA-4CF6-8F97-DBFFC8AE6F83}.Debug|Any CPU.ActiveCfg = Debug|Any CPU
		{6F4870A3-95CA-4CF6-8F97-DBFFC8AE6F83}.Debug|Any CPU.Build.0 = Debug|Any CPU
		{6F4870A3-95CA-4CF6-8F97-DBFFC8AE6F83}.Release|Any CPU.ActiveCfg = Release|Any CPU
		{6F4870A3-95CA-4CF6-8F97-DBFFC8AE6F83}.Release|Any CPU.Build.0 = Release|Any CPU
	EndGlobalSection
	GlobalSection(SolutionProperties) = preSolution
		HideSolutionNode = FALSE
	EndGlobalSection
	GlobalSection(ExtensibilityGlobals) = postSolution
		SolutionGuid = {3875CB48-AEBB-4ACB-BF56-321AAE8C462A}
	EndGlobalSection
EndGlobal
